
Microsoft Visual Studio Solution File, Format Version 12.00
# Visual Studio Version 17
VisualStudioVersion = 17.8.34525.116
MinimumVisualStudioVersion = 10.0.40219.1
Project("{FAE04EC0-301F-11D3-BF4B-00C04F79EFBC}") = "ABC_Restaurant", "ABC Restaurant\ABC_Restaurant.csproj", "{D09CF809-E3EB-422D-B21C-0355D9B276A8}"
EndProject
Global
	GlobalSection(SolutionConfigurationPlatforms) = preSolution
		Debug|Any CPU = Debug|Any CPU
		Release|Any CPU = Release|Any CPU
	EndGlobalSection
	GlobalSection(ProjectConfigurationPlatforms) = postSolution
		{D09CF809-E3EB-422D-B21C-0355D9B276A8}.Debug|Any CPU.ActiveCfg = Debug|Any CPU
		{D09CF809-E3EB-422D-B21C-0355D9B276A8}.Debug|Any CPU.Build.0 = Debug|Any CPU
		{D09CF809-E3EB-422D-B21C-0355D9B276A8}.Release|Any CPU.ActiveCfg = Release|Any CPU
		{D09CF809-E3EB-422D-B21C-0355D9B276A8}.Release|Any CPU.Build.0 = Release|Any CPU
	EndGlobalSection
	GlobalSection(SolutionProperties) = preSolution
		HideSolutionNode = FALSE
	EndGlobalSection
	GlobalSection(ExtensibilityGlobals) = postSolution
		SolutionGuid = {444798CB-57FB-4E1E-B5F1-B5ECD08F96F1}
	EndGlobalSection
EndGlobal
